{
    "_readme": [
        "This file locks the dependencies of your project to a known state",
        "Read more about it at https://getcomposer.org/doc/01-basic-usage.md#installing-dependencies",
        "This file is @generated automatically"
    ],
    "content-hash": "978ed3bf17e888aca2877826be8a24d8",
    "packages": [
        {
            "name": "phpstan/phpstan",
            "version": "2.1.19",
            "source": {
                "type": "git",
                "url": "https://github.com/phpstan/phpstan.git",
                "reference": "473a8c30e450d87099f76313edcbb90852f9afdf"
            },
            "dist": {
                "type": "zip",
                "url": "https://api.github.com/repos/phpstan/phpstan/zipball/473a8c30e450d87099f76313edcbb90852f9afdf",
                "reference": "473a8c30e450d87099f76313edcbb90852f9afdf",
                "shasum": ""
            },
            "require": {
                "php": "^7.4|^8.0"
            },
            "conflict": {
                "phpstan/phpstan-shim": "*"
            },
            "bin": [
                "phpstan",
                "phpstan.phar"
            ],
            "type": "library",
            "autoload": {
                "files": [
                    "bootstrap.php"
                ]
            },
            "notification-url": "https://packagist.org/downloads/",
            "license": [
                "MIT"
            ],
            "description": "PHPStan - PHP Static Analysis Tool",
            "keywords": [
                "dev",
                "static analysis"
            ],
            "support": {
                "docs": "https://phpstan.org/user-guide/getting-started",
                "forum": "https://github.com/phpstan/phpstan/discussions",
                "issues": "https://github.com/phpstan/phpstan/issues",
                "security": "https://github.com/phpstan/phpstan/security/policy",
                "source": "https://github.com/phpstan/phpstan-src"
            },
            "funding": [
                {
                    "url": "https://github.com/ondrejmirtes",
                    "type": "github"
                },
                {
                    "url": "https://github.com/phpstan",
                    "type": "github"
                }
            ],
            "time": "2025-07-21T19:58:24+00:00"
        },
        {
            "name": "sanmai/phpstan-rules",
            "version": "0.3.10",
            "source": {
                "type": "git",
                "url": "https://github.com/sanmai/phpstan-rules.git",
                "reference": "5e70c4d1a48e2a5caefa3190def872068bbcf968"
            },
            "dist": {
                "type": "zip",
                "url": "https://api.github.com/repos/sanmai/phpstan-rules/zipball/5e70c4d1a48e2a5caefa3190def872068bbcf968",
                "reference": "5e70c4d1a48e2a5caefa3190def872068bbcf968",
                "shasum": ""
            },
            "require": {
                "php": "^8.2",
                "phpstan/phpstan": "^2.0"
            },
            "require-dev": {
                "ergebnis/composer-normalize": "^2.8",
                "friendsofphp/php-cs-fixer": "^3.17",
                "infection/infection": ">=0.10.5",
                "league/pipeline": "^0.3 || ^1.0",
                "php-coveralls/php-coveralls": "^2.4.1",
                "phpstan/phpstan-deprecation-rules": "^2.0",
                "phpunit/phpunit": "^9.5 || ^10.0",
                "sanmai/later": "^0.1.7",
                "sanmai/pipeline": "^6.22 || ^7.0",
                "vimeo/psalm": ">=2"
            },
            "suggest": {
                "phpstan/extension-installer": "Allows automatic registration of PHPStan extensions"
            },
            "type": "phpstan-extension",
            "extra": {
                "phpstan": {
                    "includes": [
                        "extension.neon"
                    ]
                }
            },
            "autoload": {
                "psr-4": {
                    "Sanmai\\PHPStanRules\\": "src/"
                }
            },
            "notification-url": "https://packagist.org/downloads/",
            "license": [
                "Apache-2.0"
            ],
            "authors": [
                {
                    "name": "Alexey Kopytko",
                    "email": "alexey@kopytko.com"
                }
            ],
            "description": "Custom PHPStan rules for enforcing code quality standards",
            "keywords": [
                "dev",
                "static analysis"
            ],
            "support": {
                "issues": "https://github.com/sanmai/phpstan-rules/issues",
                "source": "https://github.com/sanmai/phpstan-rules/tree/0.3.10"
            },
            "funding": [
                {
                    "url": "https://github.com/sanmai",
                    "type": "github"
                }
            ],
            "time": "2025-07-23T10:45:23+00:00"
        }
    ],
    "packages-dev": [],
    "aliases": [],
    "minimum-stability": "stable",
    "stability-flags": {},
    "prefer-stable": false,
    "prefer-lowest": false,
    "platform": {},
    "platform-dev": {},
    "plugin-api-version": "2.6.0"
}
